
Microsoft Visual Studio Solution File, Format Version 12.00
# Visual Studio 15
VisualStudioVersion = 15.0.27130.2010
MinimumVisualStudioVersion = 10.0.40219.1
Project("{FAE04EC0-301F-11D3-BF4B-00C04F79EFBC}") = "CSharpBigPlugin", "CSharpBigPlugin\CSharpBigPlugin.csproj", "{E474B34E-B13F-426E-B8E7-C5ED45948D60}"
EndProject
Project("{FAE04EC0-301F-11D3-BF4B-00C04F79EFBC}") = "ETS_database_structure", "..\ETS_database_structure\ETS_database_structure.csproj", "{07D4B4EC-DF04-4C35-9472-A56704CBBFB7}"
EndProject
Project("{FAE04EC0-301F-11D3-BF4B-00C04F79EFBC}") = "CSPluginKernel", "..\CSPluginKernel\CSPluginKernel.csproj", "{4DDC6EF8-4050-40AD-A038-86ED9C33F4E9}"
EndProject
Project("{FAE04EC0-301F-11D3-BF4B-00C04F79EFBC}") = "CSHelper", "CSHelper\CSHelper.csproj", "{9C9E6438-9F92-4724-822F-C207DD2329D9}"
EndProject
Project("{FAE04EC0-301F-11D3-BF4B-00C04F79EFBC}") = "BuildAndExecuteSQL", "BuildAndExecuteSQL\BuildAndExecuteSQL.csproj", "{019C760B-53B6-4BAB-A91F-694631940970}"
EndProject
Project("{FAE04EC0-301F-11D3-BF4B-00C04F79EFBC}") = "ExpressProfiler", "ExpressProfiler\ExpressProfiler\ExpressProfiler.csproj", "{74D3E3A1-9DBC-4880-841C-FA5583611A73}"
EndProject
Project("{FAE04EC0-301F-11D3-BF4B-00C04F79EFBC}") = "InsertSqlLookValue", "InsertSqlLookValue\InsertSqlLookValue.csproj", "{DB17AA52-6CA7-4FF1-A661-FBDE824D8CC8}"
EndProject
Project("{FAE04EC0-301F-11D3-BF4B-00C04F79EFBC}") = "ShrinkDatabase", "ShrinkDatabase\ShrinkDatabase.csproj", "{089FF9C6-650E-442C-A253-44B97D617EC1}"
EndProject
Project("{FAE04EC0-301F-11D3-BF4B-00C04F79EFBC}") = "BuildTriggerAndAuditTable", "BuildTriggerAndAuditTable\BuildTriggerAndAuditTable.csproj", "{D13A3B61-BFAD-45D2-9892-7293982C26DC}"
EndProject
Project("{FAE04EC0-301F-11D3-BF4B-00C04F79EFBC}") = "sql2008tools", "sql2008tools\sql2008tools.csproj", "{115BD911-9011-4ABE-BBCA-3634FB674DE0}"
EndProject
Project("{FAE04EC0-301F-11D3-BF4B-00C04F79EFBC}") = "MSsqlTools", "MSsqlTools\MSsqlTools.csproj", "{EBE11ABA-B7DE-4F76-806C-89DC92B650EF}"
EndProject
Project("{FAE04EC0-301F-11D3-BF4B-00C04F79EFBC}") = "SnippetsGenerator", "SnippetsGenerator\SnippetsGenerator.csproj", "{D6B2B615-50E1-481F-A9D5-588D40A3AA56}"
EndProject
Project("{FAE04EC0-301F-11D3-BF4B-00C04F79EFBC}") = "CSV2Mssql", "CSV2Mssql\CSV2Mssql.csproj", "{B2C1E41D-CEF3-4C9F-9EB5-82ADDE444355}"
EndProject
Project("{FAE04EC0-301F-11D3-BF4B-00C04F79EFBC}") = "NtsPremissionSqlGenerate", "..\NtsPremissionSqlGenerate\NtsPremissionSqlGenerate.csproj", "{FAD20130-BB0D-4860-ACFB-41525B7C7278}"
EndProject
Global
	GlobalSection(SolutionConfigurationPlatforms) = preSolution
		Debug|Any CPU = Debug|Any CPU
		Release|Any CPU = Release|Any CPU
	EndGlobalSection
	GlobalSection(ProjectConfigurationPlatforms) = postSolution
		{E474B34E-B13F-426E-B8E7-C5ED45948D60}.Debug|Any CPU.ActiveCfg = Debug|Any CPU
		{E474B34E-B13F-426E-B8E7-C5ED45948D60}.Debug|Any CPU.Build.0 = Debug|Any CPU
		{E474B34E-B13F-426E-B8E7-C5ED45948D60}.Release|Any CPU.ActiveCfg = Release|Any CPU
		{E474B34E-B13F-426E-B8E7-C5ED45948D60}.Release|Any CPU.Build.0 = Release|Any CPU
		{07D4B4EC-DF04-4C35-9472-A56704CBBFB7}.Debug|Any CPU.ActiveCfg = Debug|Any CPU
		{07D4B4EC-DF04-4C35-9472-A56704CBBFB7}.Debug|Any CPU.Build.0 = Debug|Any CPU
		{07D4B4EC-DF04-4C35-9472-A56704CBBFB7}.Release|Any CPU.ActiveCfg = Release|Any CPU
		{07D4B4EC-DF04-4C35-9472-A56704CBBFB7}.Release|Any CPU.Build.0 = Release|Any CPU
		{4DDC6EF8-4050-40AD-A038-86ED9C33F4E9}.Debug|Any CPU.ActiveCfg = Debug|Any CPU
		{4DDC6EF8-4050-40AD-A038-86ED9C33F4E9}.Debug|Any CPU.Build.0 = Debug|Any CPU
		{4DDC6EF8-4050-40AD-A038-86ED9C33F4E9}.Release|Any CPU.ActiveCfg = Release|Any CPU
		{4DDC6EF8-4050-40AD-A038-86ED9C33F4E9}.Release|Any CPU.Build.0 = Release|Any CPU
		{9C9E6438-9F92-4724-822F-C207DD2329D9}.Debug|Any CPU.ActiveCfg = Debug|Any CPU
		{9C9E6438-9F92-4724-822F-C207DD2329D9}.Debug|Any CPU.Build.0 = Debug|Any CPU
		{9C9E6438-9F92-4724-822F-C207DD2329D9}.Release|Any CPU.ActiveCfg = Release|Any CPU
		{9C9E6438-9F92-4724-822F-C207DD2329D9}.Release|Any CPU.Build.0 = Release|Any CPU
		{019C760B-53B6-4BAB-A91F-694631940970}.Debug|Any CPU.ActiveCfg = Debug|Any CPU
		{019C760B-53B6-4BAB-A91F-694631940970}.Debug|Any CPU.Build.0 = Debug|Any CPU
		{019C760B-53B6-4BAB-A91F-694631940970}.Release|Any CPU.ActiveCfg = Release|Any CPU
		{019C760B-53B6-4BAB-A91F-694631940970}.Release|Any CPU.Build.0 = Release|Any CPU
		{74D3E3A1-9DBC-4880-841C-FA5583611A73}.Debug|Any CPU.ActiveCfg = Debug|Any CPU
		{74D3E3A1-9DBC-4880-841C-FA5583611A73}.Debug|Any CPU.Build.0 = Debug|Any CPU
		{74D3E3A1-9DBC-4880-841C-FA5583611A73}.Release|Any CPU.ActiveCfg = Release|Any CPU
		{74D3E3A1-9DBC-4880-841C-FA5583611A73}.Release|Any CPU.Build.0 = Release|Any CPU
		{DB17AA52-6CA7-4FF1-A661-FBDE824D8CC8}.Debug|Any CPU.ActiveCfg = Debug|Any CPU
		{DB17AA52-6CA7-4FF1-A661-FBDE824D8CC8}.Debug|Any CPU.Build.0 = Debug|Any CPU
		{DB17AA52-6CA7-4FF1-A661-FBDE824D8CC8}.Release|Any CPU.ActiveCfg = Release|Any CPU
		{DB17AA52-6CA7-4FF1-A661-FBDE824D8CC8}.Release|Any CPU.Build.0 = Release|Any CPU
		{089FF9C6-650E-442C-A253-44B97D617EC1}.Debug|Any CPU.ActiveCfg = Debug|Any CPU
		{089FF9C6-650E-442C-A253-44B97D617EC1}.Debug|Any CPU.Build.0 = Debug|Any CPU
		{089FF9C6-650E-442C-A253-44B97D617EC1}.Release|Any CPU.ActiveCfg = Release|Any CPU
		{089FF9C6-650E-442C-A253-44B97D617EC1}.Release|Any CPU.Build.0 = Release|Any CPU
		{D13A3B61-BFAD-45D2-9892-7293982C26DC}.Debug|Any CPU.ActiveCfg = Debug|Any CPU
		{D13A3B61-BFAD-45D2-9892-7293982C26DC}.Debug|Any CPU.Build.0 = Debug|Any CPU
		{D13A3B61-BFAD-45D2-9892-7293982C26DC}.Release|Any CPU.ActiveCfg = Release|Any CPU
		{D13A3B61-BFAD-45D2-9892-7293982C26DC}.Release|Any CPU.Build.0 = Release|Any CPU
		{115BD911-9011-4ABE-BBCA-3634FB674DE0}.Debug|Any CPU.ActiveCfg = Debug|Any CPU
		{115BD911-9011-4ABE-BBCA-3634FB674DE0}.Debug|Any CPU.Build.0 = Debug|Any CPU
		{115BD911-9011-4ABE-BBCA-3634FB674DE0}.Release|Any CPU.ActiveCfg = Release|Any CPU
		{115BD911-9011-4ABE-BBCA-3634FB674DE0}.Release|Any CPU.Build.0 = Release|Any CPU
		{EBE11ABA-B7DE-4F76-806C-89DC92B650EF}.Debug|Any CPU.ActiveCfg = Debug|Any CPU
		{EBE11ABA-B7DE-4F76-806C-89DC92B650EF}.Debug|Any CPU.Build.0 = Debug|Any CPU
		{EBE11ABA-B7DE-4F76-806C-89DC92B650EF}.Release|Any CPU.ActiveCfg = Release|Any CPU
		{EBE11ABA-B7DE-4F76-806C-89DC92B650EF}.Release|Any CPU.Build.0 = Release|Any CPU
		{D6B2B615-50E1-481F-A9D5-588D40A3AA56}.Debug|Any CPU.ActiveCfg = Debug|Any CPU
		{D6B2B615-50E1-481F-A9D5-588D40A3AA56}.Debug|Any CPU.Build.0 = Debug|Any CPU
		{D6B2B615-50E1-481F-A9D5-588D40A3AA56}.Release|Any CPU.ActiveCfg = Release|Any CPU
		{D6B2B615-50E1-481F-A9D5-588D40A3AA56}.Release|Any CPU.Build.0 = Release|Any CPU
		{B2C1E41D-CEF3-4C9F-9EB5-82ADDE444355}.Debug|Any CPU.ActiveCfg = Debug|Any CPU
		{B2C1E41D-CEF3-4C9F-9EB5-82ADDE444355}.Debug|Any CPU.Build.0 = Debug|Any CPU
		{B2C1E41D-CEF3-4C9F-9EB5-82ADDE444355}.Release|Any CPU.ActiveCfg = Release|Any CPU
		{B2C1E41D-CEF3-4C9F-9EB5-82ADDE444355}.Release|Any CPU.Build.0 = Release|Any CPU
		{FAD20130-BB0D-4860-ACFB-41525B7C7278}.Debug|Any CPU.ActiveCfg = Debug|Any CPU
		{FAD20130-BB0D-4860-ACFB-41525B7C7278}.Debug|Any CPU.Build.0 = Debug|Any CPU
		{FAD20130-BB0D-4860-ACFB-41525B7C7278}.Release|Any CPU.ActiveCfg = Release|Any CPU
		{FAD20130-BB0D-4860-ACFB-41525B7C7278}.Release|Any CPU.Build.0 = Release|Any CPU
	EndGlobalSection
	GlobalSection(SolutionProperties) = preSolution
		HideSolutionNode = FALSE
	EndGlobalSection
	GlobalSection(ExtensibilityGlobals) = postSolution
		SolutionGuid = {143E7E9A-17DE-453E-8895-3553AB13CB72}
	EndGlobalSection
EndGlobal
